
Microsoft Visual Studio Solution File, Format Version 11.00
# Visual Studio 2010
Project("{FAE04EC0-301F-11D3-BF4B-00C04F79EFBC}") = "UnityEngine.TestRunner", "UnityEngine.TestRunner.csproj", "{77b83ef1-4f37-3269-a264-fd6a5b736058}"
EndProject
Project("{FAE04EC0-301F-11D3-BF4B-00C04F79EFBC}") = "Unity.Postprocessing.Runtime", "Unity.Postprocessing.Runtime.csproj", "{0b6f7140-a730-1f73-316f-1a4f2c6d52fa}"
EndProject
Project("{FAE04EC0-301F-11D3-BF4B-00C04F79EFBC}") = "Unity.RenderPipelines.Universal.Runtime", "Unity.RenderPipelines.Universal.Runtime.csproj", "{9446a855-a01b-4a96-38ed-5d8dd71684ef}"
EndProject
Project("{FAE04EC0-301F-11D3-BF4B-00C04F79EFBC}") = "UnityEngine.UI", "UnityEngine.UI.csproj", "{7a5bc390-157a-e079-6c06-dd40efc105f5}"
EndProject
Project("{FAE04EC0-301F-11D3-BF4B-00C04F79EFBC}") = "Unity.TextMeshPro", "Unity.TextMeshPro.csproj", "{67f176ce-cfe5-91c8-01e6-3cdf34b575c4}"
EndProject
Project("{FAE04EC0-301F-11D3-BF4B-00C04F79EFBC}") = "Unity.Timeline", "Unity.Timeline.csproj", "{58653f67-94d4-cf6a-cb7e-667bd33d74d7}"
EndProject
Project("{FAE04EC0-301F-11D3-BF4B-00C04F79EFBC}") = "Assembly-CSharp", "Assembly-CSharp.csproj", "{33f59d46-9044-4913-42e8-5182f4093f8d}"
EndProject
Project("{FAE04EC0-301F-11D3-BF4B-00C04F79EFBC}") = "Unity.RenderPipelines.Core.Runtime", "Unity.RenderPipelines.Core.Runtime.csproj", "{ef61178f-1342-7497-e54e-9b27ea885a5b}"
EndProject
Project("{FAE04EC0-301F-11D3-BF4B-00C04F79EFBC}") = "Unity.2D.Tilemap.Extras", "Unity.2D.Tilemap.Extras.csproj", "{39f4528f-8f17-37e9-cd8f-d042fa0b1b7c}"
EndProject
Project("{FAE04EC0-301F-11D3-BF4B-00C04F79EFBC}") = "Unity.RenderPipelines.ShaderGraph.ShaderGraphLibrary", "Unity.RenderPipelines.ShaderGraph.ShaderGraphLibrary.csproj", "{2087a977-4379-e5b2-1ee8-76fb65584f77}"
EndProject
Project("{FAE04EC0-301F-11D3-BF4B-00C04F79EFBC}") = "Unity.RenderPipeline.Universal.ShaderLibrary", "Unity.RenderPipeline.Universal.ShaderLibrary.csproj", "{c8d59d90-46ce-33d4-cf55-17fe7b76bb46}"
EndProject
Project("{FAE04EC0-301F-11D3-BF4B-00C04F79EFBC}") = "Unity.RenderPipelines.Core.ShaderLibrary", "Unity.RenderPipelines.Core.ShaderLibrary.csproj", "{6060ac3b-13bc-10f8-a3cc-a6165d9f8dcd}"
EndProject
Project("{FAE04EC0-301F-11D3-BF4B-00C04F79EFBC}") = "Unity.RenderPipelines.Universal.Shaders", "Unity.RenderPipelines.Universal.Shaders.csproj", "{0ba27cd7-5e56-01ff-22c7-d2b81f22457d}"
EndProject
Project("{FAE04EC0-301F-11D3-BF4B-00C04F79EFBC}") = "Unity.ShaderGraph.Editor", "Unity.ShaderGraph.Editor.csproj", "{6f956544-d490-21f3-c56c-fb1f4e2c5a3e}"
EndProject
Project("{FAE04EC0-301F-11D3-BF4B-00C04F79EFBC}") = "Unity.TextMeshPro.Editor", "Unity.TextMeshPro.Editor.csproj", "{9c7e849e-4f61-3c56-2864-72f6ceb82152}"
EndProject
Project("{FAE04EC0-301F-11D3-BF4B-00C04F79EFBC}") = "Unity.Timeline.Editor", "Unity.Timeline.Editor.csproj", "{2ed9c5bc-7920-2edd-bd6a-5330cb90a7ba}"
EndProject
Project("{FAE04EC0-301F-11D3-BF4B-00C04F79EFBC}") = "UnityEditor.TestRunner", "UnityEditor.TestRunner.csproj", "{155047b9-ec94-6165-5bce-bf021ea194ed}"
EndProject
Project("{FAE04EC0-301F-11D3-BF4B-00C04F79EFBC}") = "Unity.RenderPipelines.Universal.Editor", "Unity.RenderPipelines.Universal.Editor.csproj", "{38966d2a-c045-351a-461d-0c54ae92e39a}"
EndProject
Project("{FAE04EC0-301F-11D3-BF4B-00C04F79EFBC}") = "Unity.2D.Sprite.Editor", "Unity.2D.Sprite.Editor.csproj", "{7c8fc882-8110-0b31-463e-71864c4ef3fe}"
EndProject
Project("{FAE04EC0-301F-11D3-BF4B-00C04F79EFBC}") = "UnityEditor.UI", "UnityEditor.UI.csproj", "{051361ac-3b08-b8ca-8fc0-9496cc802e69}"
EndProject
Project("{FAE04EC0-301F-11D3-BF4B-00C04F79EFBC}") = "Unity.2D.Tilemap.Extras.Editor", "Unity.2D.Tilemap.Extras.Editor.csproj", "{cb7298ce-b8c8-d37f-1f0e-f95ec2747a36}"
EndProject
Project("{FAE04EC0-301F-11D3-BF4B-00C04F79EFBC}") = "Unity.Rider.Editor", "Unity.Rider.Editor.csproj", "{603fd3cc-2af3-f38b-874d-e8900dd522db}"
EndProject
Project("{FAE04EC0-301F-11D3-BF4B-00C04F79EFBC}") = "Unity.2D.Tilemap.Editor", "Unity.2D.Tilemap.Editor.csproj", "{fb1e3884-f658-4a34-b73a-553b093e9060}"
EndProject
Project("{FAE04EC0-301F-11D3-BF4B-00C04F79EFBC}") = "Unity.RenderPipelines.Core.Editor", "Unity.RenderPipelines.Core.Editor.csproj", "{5e702be2-83a1-e1e6-3fba-850c42bdc69c}"
EndProject
Project("{FAE04EC0-301F-11D3-BF4B-00C04F79EFBC}") = "Unity.Postprocessing.Editor", "Unity.Postprocessing.Editor.csproj", "{4e4a1ea5-4c1b-c104-1662-084ff6aec540}"
EndProject
Project("{FAE04EC0-301F-11D3-BF4B-00C04F79EFBC}") = "Unity.CollabProxy.Editor", "Unity.CollabProxy.Editor.csproj", "{020253ab-f33e-4ba2-377d-932ba9bd0410}"
EndProject
Project("{FAE04EC0-301F-11D3-BF4B-00C04F79EFBC}") = "Unity.VSCode.Editor", "Unity.VSCode.Editor.csproj", "{55ef5fea-7488-5df1-7de0-64e780765646}"
EndProject
Project("{FAE04EC0-301F-11D3-BF4B-00C04F79EFBC}") = "Unity.ShaderGraph.Utilities", "Unity.ShaderGraph.Utilities.csproj", "{651bce51-3ca8-9608-5cc7-714603873a43}"
EndProject
Project("{FAE04EC0-301F-11D3-BF4B-00C04F79EFBC}") = "Assembly-CSharp-Editor", "Assembly-CSharp-Editor.csproj", "{6c56e4f0-8321-dc94-3d8c-09c36e47eb7c}"
EndProject
Global
	GlobalSection(SolutionConfigurationPlatforms) = preSolution
		Debug|Any CPU = Debug|Any CPU
	EndGlobalSection
	GlobalSection(ProjectConfigurationPlatforms) = postSolution
		{77b83ef1-4f37-3269-a264-fd6a5b736058}.Debug|Any CPU.ActiveCfg = Debug|Any CPU
		{77b83ef1-4f37-3269-a264-fd6a5b736058}.Debug|Any CPU.Build.0 = Debug|Any CPU
		{0b6f7140-a730-1f73-316f-1a4f2c6d52fa}.Debug|Any CPU.ActiveCfg = Debug|Any CPU
		{0b6f7140-a730-1f73-316f-1a4f2c6d52fa}.Debug|Any CPU.Build.0 = Debug|Any CPU
		{9446a855-a01b-4a96-38ed-5d8dd71684ef}.Debug|Any CPU.ActiveCfg = Debug|Any CPU
		{9446a855-a01b-4a96-38ed-5d8dd71684ef}.Debug|Any CPU.Build.0 = Debug|Any CPU
		{7a5bc390-157a-e079-6c06-dd40efc105f5}.Debug|Any CPU.ActiveCfg = Debug|Any CPU
		{7a5bc390-157a-e079-6c06-dd40efc105f5}.Debug|Any CPU.Build.0 = Debug|Any CPU
		{67f176ce-cfe5-91c8-01e6-3cdf34b575c4}.Debug|Any CPU.ActiveCfg = Debug|Any CPU
		{67f176ce-cfe5-91c8-01e6-3cdf34b575c4}.Debug|Any CPU.Build.0 = Debug|Any CPU
		{58653f67-94d4-cf6a-cb7e-667bd33d74d7}.Debug|Any CPU.ActiveCfg = Debug|Any CPU
		{58653f67-94d4-cf6a-cb7e-667bd33d74d7}.Debug|Any CPU.Build.0 = Debug|Any CPU
		{33f59d46-9044-4913-42e8-5182f4093f8d}.Debug|Any CPU.ActiveCfg = Debug|Any CPU
		{33f59d46-9044-4913-42e8-5182f4093f8d}.Debug|Any CPU.Build.0 = Debug|Any CPU
		{ef61178f-1342-7497-e54e-9b27ea885a5b}.Debug|Any CPU.ActiveCfg = Debug|Any CPU
		{ef61178f-1342-7497-e54e-9b27ea885a5b}.Debug|Any CPU.Build.0 = Debug|Any CPU
		{39f4528f-8f17-37e9-cd8f-d042fa0b1b7c}.Debug|Any CPU.ActiveCfg = Debug|Any CPU
		{39f4528f-8f17-37e9-cd8f-d042fa0b1b7c}.Debug|Any CPU.Build.0 = Debug|Any CPU
		{2087a977-4379-e5b2-1ee8-76fb65584f77}.Debug|Any CPU.ActiveCfg = Debug|Any CPU
		{2087a977-4379-e5b2-1ee8-76fb65584f77}.Debug|Any CPU.Build.0 = Debug|Any CPU
		{c8d59d90-46ce-33d4-cf55-17fe7b76bb46}.Debug|Any CPU.ActiveCfg = Debug|Any CPU
		{c8d59d90-46ce-33d4-cf55-17fe7b76bb46}.Debug|Any CPU.Build.0 = Debug|Any CPU
		{6060ac3b-13bc-10f8-a3cc-a6165d9f8dcd}.Debug|Any CPU.ActiveCfg = Debug|Any CPU
		{6060ac3b-13bc-10f8-a3cc-a6165d9f8dcd}.Debug|Any CPU.Build.0 = Debug|Any CPU
		{0ba27cd7-5e56-01ff-22c7-d2b81f22457d}.Debug|Any CPU.ActiveCfg = Debug|Any CPU
		{0ba27cd7-5e56-01ff-22c7-d2b81f22457d}.Debug|Any CPU.Build.0 = Debug|Any CPU
		{6f956544-d490-21f3-c56c-fb1f4e2c5a3e}.Debug|Any CPU.ActiveCfg = Debug|Any CPU
		{6f956544-d490-21f3-c56c-fb1f4e2c5a3e}.Debug|Any CPU.Build.0 = Debug|Any CPU
		{9c7e849e-4f61-3c56-2864-72f6ceb82152}.Debug|Any CPU.ActiveCfg = Debug|Any CPU
		{9c7e849e-4f61-3c56-2864-72f6ceb82152}.Debug|Any CPU.Build.0 = Debug|Any CPU
		{2ed9c5bc-7920-2edd-bd6a-5330cb90a7ba}.Debug|Any CPU.ActiveCfg = Debug|Any CPU
		{2ed9c5bc-7920-2edd-bd6a-5330cb90a7ba}.Debug|Any CPU.Build.0 = Debug|Any CPU
		{155047b9-ec94-6165-5bce-bf021ea194ed}.Debug|Any CPU.ActiveCfg = Debug|Any CPU
		{155047b9-ec94-6165-5bce-bf021ea194ed}.Debug|Any CPU.Build.0 = Debug|Any CPU
		{38966d2a-c045-351a-461d-0c54ae92e39a}.Debug|Any CPU.ActiveCfg = Debug|Any CPU
		{38966d2a-c045-351a-461d-0c54ae92e39a}.Debug|Any CPU.Build.0 = Debug|Any CPU
		{7c8fc882-8110-0b31-463e-71864c4ef3fe}.Debug|Any CPU.ActiveCfg = Debug|Any CPU
		{7c8fc882-8110-0b31-463e-71864c4ef3fe}.Debug|Any CPU.Build.0 = Debug|Any CPU
		{051361ac-3b08-b8ca-8fc0-9496cc802e69}.Debug|Any CPU.ActiveCfg = Debug|Any CPU
		{051361ac-3b08-b8ca-8fc0-9496cc802e69}.Debug|Any CPU.Build.0 = Debug|Any CPU
		{cb7298ce-b8c8-d37f-1f0e-f95ec2747a36}.Debug|Any CPU.ActiveCfg = Debug|Any CPU
		{cb7298ce-b8c8-d37f-1f0e-f95ec2747a36}.Debug|Any CPU.Build.0 = Debug|Any CPU
		{603fd3cc-2af3-f38b-874d-e8900dd522db}.Debug|Any CPU.ActiveCfg = Debug|Any CPU
		{603fd3cc-2af3-f38b-874d-e8900dd522db}.Debug|Any CPU.Build.0 = Debug|Any CPU
		{fb1e3884-f658-4a34-b73a-553b093e9060}.Debug|Any CPU.ActiveCfg = Debug|Any CPU
		{fb1e3884-f658-4a34-b73a-553b093e9060}.Debug|Any CPU.Build.0 = Debug|Any CPU
		{5e702be2-83a1-e1e6-3fba-850c42bdc69c}.Debug|Any CPU.ActiveCfg = Debug|Any CPU
		{5e702be2-83a1-e1e6-3fba-850c42bdc69c}.Debug|Any CPU.Build.0 = Debug|Any CPU
		{4e4a1ea5-4c1b-c104-1662-084ff6aec540}.Debug|Any CPU.ActiveCfg = Debug|Any CPU
		{4e4a1ea5-4c1b-c104-1662-084ff6aec540}.Debug|Any CPU.Build.0 = Debug|Any CPU
		{020253ab-f33e-4ba2-377d-932ba9bd0410}.Debug|Any CPU.ActiveCfg = Debug|Any CPU
		{020253ab-f33e-4ba2-377d-932ba9bd0410}.Debug|Any CPU.Build.0 = Debug|Any CPU
		{55ef5fea-7488-5df1-7de0-64e780765646}.Debug|Any CPU.ActiveCfg = Debug|Any CPU
		{55ef5fea-7488-5df1-7de0-64e780765646}.Debug|Any CPU.Build.0 = Debug|Any CPU
		{651bce51-3ca8-9608-5cc7-714603873a43}.Debug|Any CPU.ActiveCfg = Debug|Any CPU
		{651bce51-3ca8-9608-5cc7-714603873a43}.Debug|Any CPU.Build.0 = Debug|Any CPU
		{6c56e4f0-8321-dc94-3d8c-09c36e47eb7c}.Debug|Any CPU.ActiveCfg = Debug|Any CPU
		{6c56e4f0-8321-dc94-3d8c-09c36e47eb7c}.Debug|Any CPU.Build.0 = Debug|Any CPU
	EndGlobalSection
	GlobalSection(SolutionProperties) = preSolution
		HideSolutionNode = FALSE
	EndGlobalSection
EndGlobal
